[[package]]
name = "asgiref"
version = "3.5.0"
description = "ASGI specs, helper code, and adapters"
category = "main"
optional = false
python-versions = ">=3.7"

[package.dependencies]
typing-extensions = {version = "*", markers = "python_version < \"3.8\""}

[package.extras]
tests = ["pytest", "pytest-asyncio", "mypy (>=0.800)"]

[[package]]
name = "django"
version = "3.2.12"
description = "A high-level Python Web framework that encourages rapid development and clean, pragmatic design."
category = "main"
optional = false
python-versions = ">=3.6"

[package.dependencies]
asgiref = ">=3.3.2,<4"
pytz = "*"
sqlparse = ">=0.2.2"

[package.extras]
argon2 = ["argon2-cffi (>=19.1.0)"]
bcrypt = ["bcrypt"]

[[package]]
name = "django-browser-reload"
version = "1.3.0"
description = "Automatically reload your browser in development."
category = "main"
optional = false
python-versions = ">=3.7"

[package.dependencies]
Django = ">=2.2"

[[package]]
name = "django-components"
version = "0.17"
description = "A way to create simple reusable template components in Django."
category = "main"
optional = false
python-versions = "*"

[package.dependencies]
Django = ">=2.2"

[[package]]
name = "django-cors-headers"
version = "3.11.0"
description = "django-cors-headers is a Django application for handling the server headers required for Cross-Origin Resource Sharing (CORS)."
category = "main"
optional = false
python-versions = ">=3.7"

[package.dependencies]
Django = ">=2.2"

[[package]]
name = "django-mustache"
version = "1.1.2"
description = "Mustache template engine for Django 1.8 and newer, with support for Django context processors."
category = "main"
optional = false
python-versions = "*"

[package.dependencies]
Django = ">=1.8"
pystache = "*"

[[package]]
name = "gunicorn"
version = "20.1.0"
description = "WSGI HTTP Server for UNIX"
category = "main"
optional = false
python-versions = ">=3.5"

[package.extras]
eventlet = ["eventlet (>=0.24.1)"]
gevent = ["gevent (>=1.4.0)"]
setproctitle = ["setproctitle"]
tornado = ["tornado (>=0.2)"]

[[package]]
name = "pystache"
version = "0.6.0"
description = "Mustache for Python"
category = "main"
optional = false
python-versions = ">=3.6"

[package.extras]
cov = ["coverage", "coverage-python-version"]
test = ["nose"]

[[package]]
name = "python-dotenv"
version = "0.19.2"
description = "Read key-value pairs from a .env file and set them as environment variables"
category = "main"
optional = false
python-versions = ">=3.5"

[package.extras]
cli = ["click (>=5.0)"]

[[package]]
name = "pytz"
version = "2021.3"
description = "World timezone definitions, modern and historical"
category = "main"
optional = false
python-versions = "*"

[[package]]
name = "sqlparse"
version = "0.4.2"
description = "A non-validating SQL parser."
category = "main"
optional = false
python-versions = ">=3.5"

[[package]]
name = "typing-extensions"
version = "4.0.1"
description = "Backported and Experimental Type Hints for Python 3.6+"
category = "main"
optional = false
python-versions = ">=3.6"

[metadata]
lock-version = "1.1"
python-versions = "^3.7"
content-hash = "bd4b5122b07d0783848cafd3c3011cf1ef0fe57af407eea22d0a2097c2ecbb38"

[metadata.files]
asgiref = [
    {file = "asgiref-3.5.0-py3-none-any.whl", hash = "sha256:88d59c13d634dcffe0510be048210188edd79aeccb6a6c9028cdad6f31d730a9"},
    {file = "asgiref-3.5.0.tar.gz", hash = "sha256:2f8abc20f7248433085eda803936d98992f1343ddb022065779f37c5da0181d0"},
]
django = [
    {file = "Django-3.2.12-py3-none-any.whl", hash = "sha256:9b06c289f9ba3a8abea16c9c9505f25107809fb933676f6c891ded270039d965"},
    {file = "Django-3.2.12.tar.gz", hash = "sha256:9772e6935703e59e993960832d66a614cf0233a1c5123bc6224ecc6ad69e41e2"},
]
django-browser-reload = [
    {file = "django-browser-reload-1.3.0.tar.gz", hash = "sha256:3f9ce1578d23b9ab6af4bf3c9a4416cfea4c9af9e8aca81e0973157a76588285"},
    {file = "django_browser_reload-1.3.0-py3-none-any.whl", hash = "sha256:790e4d9c0a9738437d41ac812741c3f52cc8cd65edad426cabb2f85bde6b94cc"},
]
django-components = [
    {file = "django_components-0.17-py3-none-any.whl", hash = "sha256:eb5828e9cc74264f10ca3285c47e6e283377c7019dd3aac5cb8d4113043dffe7"},
    {file = "django_components-0.17.tar.gz", hash = "sha256:e0793ebdea64271578b38f4a6213ae8ea6ceca2e51b27b3f5c91132cc7952841"},
]
django-cors-headers = [
    {file = "django-cors-headers-3.11.0.tar.gz", hash = "sha256:eb98389bf7a2afc5d374806af4a9149697e3a6955b5a2dc2bf049f7d33647456"},
    {file = "django_cors_headers-3.11.0-py3-none-any.whl", hash = "sha256:a22be2befd4069c4fc174f11cf067351df5c061a3a5f94a01650b4e928b0372b"},
]
django-mustache = [
    {file = "django-mustache-1.1.2.tar.gz", hash = "sha256:44d29f56e0cf4a52cb12e2e97d5a45fd6f1242eb5d5ae79af4750ab83083a8b4"},
    {file = "django_mustache-1.1.2-py3-none-any.whl", hash = "sha256:576c42d6f8d12c8953784608b17ec16c810035bf0717d73fa6ef6156d5170813"},
]
gunicorn = [
    {file = "gunicorn-20.1.0-py3-none-any.whl", hash = "sha256:9dcc4547dbb1cb284accfb15ab5667a0e5d1881cc443e0677b4882a4067a807e"},
    {file = "gunicorn-20.1.0.tar.gz", hash = "sha256:e0a968b5ba15f8a328fdfd7ab1fcb5af4470c28aaf7e55df02a99bc13138e6e8"},
]
pystache = [
    {file = "pystache-0.6.0.tar.gz", hash = "sha256:93bf92b2149a4c4b58d12142e2c4c6dd5c08d89e4c95afccd4b6efe2ee1d470d"},
]
python-dotenv = [
    {file = "python-dotenv-0.19.2.tar.gz", hash = "sha256:a5de49a31e953b45ff2d2fd434bbc2670e8db5273606c1e737cc6b93eff3655f"},
    {file = "python_dotenv-0.19.2-py2.py3-none-any.whl", hash = "sha256:32b2bdc1873fd3a3c346da1c6db83d0053c3c62f28f1f38516070c4c8971b1d3"},
]
pytz = [
    {file = "pytz-2021.3-py2.py3-none-any.whl", hash = "sha256:3672058bc3453457b622aab7a1c3bfd5ab0bdae451512f6cf25f64ed37f5b87c"},
    {file = "pytz-2021.3.tar.gz", hash = "sha256:acad2d8b20a1af07d4e4c9d2e9285c5ed9104354062f275f3fcd88dcef4f1326"},
]
sqlparse = [
    {file = "sqlparse-0.4.2-py3-none-any.whl", hash = "sha256:48719e356bb8b42991bdbb1e8b83223757b93789c00910a616a071910ca4a64d"},
    {file = "sqlparse-0.4.2.tar.gz", hash = "sha256:0c00730c74263a94e5a9919ade150dfc3b19c574389985446148402998287dae"},
]
typing-extensions = [
    {file = "typing_extensions-4.0.1-py3-none-any.whl", hash = "sha256:7f001e5ac290a0c0401508864c7ec868be4e701886d5b573a9528ed3973d9d3b"},
    {file = "typing_extensions-4.0.1.tar.gz", hash = "sha256:4ca091dea149f945ec56afb48dae714f21e8692ef22a395223bcd328961b6a0e"},
]
